// !$*UTF8*$!
{
	archiveVersion = 1;
	classes = {
	};
	objectVersion = 48;
	objects = {

/* Begin PBXBuildFile section */
		D658EF321FA87AF300499A37 /* AppDelegate.m in Sources */ = {isa = PBXBuildFile; fileRef = D658EF311FA87AF300499A37 /* AppDelegate.m */; };
		D658EF351FA87AF300499A37 /* ViewController.m in Sources */ = {isa = PBXBuildFile; fileRef = D658EF341FA87AF300499A37 /* ViewController.m */; };
		D658EF381FA87AF300499A37 /* Main.storyboard in Resources */ = {isa = PBXBuildFile; fileRef = D658EF361FA87AF300499A37 /* Main.storyboard */; };
		D658EF3A1FA87AF300499A37 /* Assets.xcassets in Resources */ = {isa = PBXBuildFile; fileRef = D658EF391FA87AF300499A37 /* Assets.xcassets */; };
		D658EF3D1FA87AF300499A37 /* LaunchScreen.storyboard in Resources */ = {isa = PBXBuildFile; fileRef = D658EF3B1FA87AF300499A37 /* LaunchScreen.storyboard */; };
		D658EF401FA87AF300499A37 /* main.m in Sources */ = {isa = PBXBuildFile; fileRef = D658EF3F1FA87AF300499A37 /* main.m */; };
		D658EF4A1FA87AF300499A37 /* SearchTests.m in Sources */ = {isa = PBXBuildFile; fileRef = D658EF491FA87AF300499A37 /* SearchTests.m */; };
		D658EF551FA87AF300499A37 /* SearchUITests.m in Sources */ = {isa = PBXBuildFile; fileRef = D658EF541FA87AF300499A37 /* SearchUITests.m */; };
/* End PBXBuildFile section */

/* Begin PBXContainerItemProxy section */
		D658EF461FA87AF300499A37 /* PBXContainerItemProxy */ = {
			isa = PBXContainerItemProxy;
			containerPortal = D658EF251FA87AF300499A37 /* Project object */;
			proxyType = 1;
			remoteGlobalIDString = D658EF2C1FA87AF300499A37;
			remoteInfo = Search;
		};
		D658EF511FA87AF300499A37 /* PBXContainerItemProxy */ = {
			isa = PBXContainerItemProxy;
			containerPortal = D658EF251FA87AF300499A37 /* Project object */;
			proxyType = 1;
			remoteGlobalIDString = D658EF2C1FA87AF300499A37;
			remoteInfo = Search;
		};
/* End PBXContainerItemProxy section */

/* Begin PBXFileReference section */
		D658EF2D1FA87AF300499A37 /* Search.app */ = {isa = PBXFileReference; explicitFileType = wrapper.application; includeInIndex = 0; path = Search.app; sourceTree = BUILT_PRODUCTS_DIR; };
		D658EF301FA87AF300499A37 /* AppDelegate.h */ = {isa = PBXFileReference; lastKnownFileType = sourcecode.c.h; path = AppDelegate.h; sourceTree = "<group>"; };
		D658EF311FA87AF300499A37 /* AppDelegate.m */ = {isa = PBXFileReference; lastKnownFileType = sourcecode.c.objc; path = AppDelegate.m; sourceTree = "<group>"; };
		D658EF331FA87AF300499A37 /* ViewController.h */ = {isa = PBXFileReference; lastKnownFileType = sourcecode.c.h; path = ViewController.h; sourceTree = "<group>"; };
		D658EF341FA87AF300499A37 /* ViewController.m */ = {isa = PBXFileReference; lastKnownFileType = sourcecode.c.objc; path = ViewController.m; sourceTree = "<group>"; };
		D658EF371FA87AF300499A37 /* Base */ = {isa = PBXFileReference; lastKnownFileType = file.storyboard; name = Base; path = Base.lproj/Main.storyboard; sourceTree = "<group>"; };
		D658EF391FA87AF300499A37 /* Assets.xcassets */ = {isa = PBXFileReference; lastKnownFileType = folder.assetcatalog; path = Assets.xcassets; sourceTree = "<group>"; };
		D658EF3C1FA87AF300499A37 /* Base */ = {isa = PBXFileReference; lastKnownFileType = file.storyboard; name = Base; path = Base.lproj/LaunchScreen.storyboard; sourceTree = "<group>"; };
		D658EF3E1FA87AF300499A37 /* Info.plist */ = {isa = PBXFileReference; lastKnownFileType = text.plist.xml; path = Info.plist; sourceTree = "<group>"; };
		D658EF3F1FA87AF300499A37 /* main.m */ = {isa = PBXFileReference; lastKnownFileType = sourcecode.c.objc; path = main.m; sourceTree = "<group>"; };
		D658EF451FA87AF300499A37 /* SearchTests.xctest */ = {isa = PBXFileReference; explicitFileType = wrapper.cfbundle; includeInIndex = 0; path = SearchTests.xctest; sourceTree = BUILT_PRODUCTS_DIR; };
		D658EF491FA87AF300499A37 /* SearchTests.m */ = {isa = PBXFileReference; lastKnownFileType = sourcecode.c.objc; path = SearchTests.m; sourceTree = "<group>"; };
		D658EF4B1FA87AF300499A37 /* Info.plist */ = {isa = PBXFileReference; lastKnownFileType = text.plist.xml; path = Info.plist; sourceTree = "<group>"; };
		D658EF501FA87AF300499A37 /* SearchUITests.xctest */ = {isa = PBXFileReference; explicitFileType = wrapper.cfbundle; includeInIndex = 0; path = SearchUITests.xctest; sourceTree = BUILT_PRODUCTS_DIR; };
		D658EF541FA87AF300499A37 /* SearchUITests.m */ = {isa = PBXFileReference; lastKnownFileType = sourcecode.c.objc; path = SearchUITests.m; sourceTree = "<group>"; };
		D658EF561FA87AF300499A37 /* Info.plist */ = {isa = PBXFileReference; lastKnownFileType = text.plist.xml; path = Info.plist; sourceTree = "<group>"; };
/* End PBXFileReference section */

/* Begin PBXFrameworksBuildPhase section */
		D658EF2A1FA87AF300499A37 /* Frameworks */ = {
			isa = PBXFrameworksBuildPhase;
			buildActionMask = 2147483647;
			files = (
			);
			runOnlyForDeploymentPostprocessing = 0;
		};
		D658EF421FA87AF300499A37 /* Frameworks */ = {
			isa = PBXFrameworksBuildPhase;
			buildActionMask = 2147483647;
			files = (
			);
			runOnlyForDeploymentPostprocessing = 0;
		};
		D658EF4D1FA87AF300499A37 /* Frameworks */ = {
			isa = PBXFrameworksBuildPhase;
			buildActionMask = 2147483647;
			files = (
			);
			runOnlyForDeploymentPostprocessing = 0;
		};
/* End PBXFrameworksBuildPhase section */

/* Begin PBXGroup section */
		D658EF241FA87AF300499A37 = {
			isa = PBXGroup;
			children = (
				D658EF2F1FA87AF300499A37 /* Search */,
				D658EF481FA87AF300499A37 /* SearchTests */,
				D658EF531FA87AF300499A37 /* SearchUITests */,
				D658EF2E1FA87AF300499A37 /* Products */,
			);
			sourceTree = "<group>";
		};
		D658EF2E1FA87AF300499A37 /* Products */ = {
			isa = PBXGroup;
			children = (
				D658EF2D1FA87AF300499A37 /* Search.app */,
				D658EF451FA87AF300499A37 /* SearchTests.xctest */,
				D658EF501FA87AF300499A37 /* SearchUITests.xctest */,
			);
			name = Products;
			sourceTree = "<group>";
		};
		D658EF2F1FA87AF300499A37 /* Search */ = {
			isa = PBXGroup;
			children = (
				D658EF301FA87AF300499A37 /* AppDelegate.h */,
				D658EF311FA87AF300499A37 /* AppDelegate.m */,
				D658EF331FA87AF300499A37 /* ViewController.h */,
				D658EF341FA87AF300499A37 /* ViewController.m */,
				D658EF361FA87AF300499A37 /* Main.storyboard */,
				D658EF391FA87AF300499A37 /* Assets.xcassets */,
				D658EF3B1FA87AF300499A37 /* LaunchScreen.storyboard */,
				D658EF3E1FA87AF300499A37 /* Info.plist */,
				D658EF3F1FA87AF300499A37 /* main.m */,
			);
			path = Search;
			sourceTree = "<group>";
		};
		D658EF481FA87AF300499A37 /* SearchTests */ = {
			isa = PBXGroup;
			children = (
				D658EF491FA87AF300499A37 /* SearchTests.m */,
				D658EF4B1FA87AF300499A37 /* Info.plist */,
			);
			path = SearchTests;
			sourceTree = "<group>";
		};
		D658EF531FA87AF300499A37 /* SearchUITests */ = {
			isa = PBXGroup;
			children = (
				D658EF541FA87AF300499A37 /* SearchUITests.m */,
				D658EF561FA87AF300499A37 /* Info.plist */,
			);
			path = SearchUITests;
			sourceTree = "<group>";
		};
/* End PBXGroup section */

/* Begin PBXNativeTarget section */
		D658EF2C1FA87AF300499A37 /* Search */ = {
			isa = PBXNativeTarget;
			buildConfigurationList = D658EF591FA87AF300499A37 /* Build configuration list for PBXNativeTarget "Search" */;
			buildPhases = (
				D658EF291FA87AF300499A37 /* Sources */,
				D658EF2A1FA87AF300499A37 /* Frameworks */,
				D658EF2B1FA87AF300499A37 /* Resources */,
			);
			buildRules = (
			);
			dependencies = (
			);
			name = Search;
			productName = Search;
			productReference = D658EF2D1FA87AF300499A37 /* Search.app */;
			productType = "com.apple.product-type.application";
		};
		D658EF441FA87AF300499A37 /* SearchTests */ = {
			isa = PBXNativeTarget;
			buildConfigurationList = D658EF5C1FA87AF300499A37 /* Build configuration list for PBXNativeTarget "SearchTests" */;
			buildPhases = (
				D658EF411FA87AF300499A37 /* Sources */,
				D658EF421FA87AF300499A37 /* Frameworks */,
				D658EF431FA87AF300499A37 /* Resources */,
			);
			buildRules = (
			);
			dependencies = (
				D658EF471FA87AF300499A37 /* PBXTargetDependency */,
			);
			name = SearchTests;
			productName = SearchTests;
			productReference = D658EF451FA87AF300499A37 /* SearchTests.xctest */;
			productType = "com.apple.product-type.bundle.unit-test";
		};
		D658EF4F1FA87AF300499A37 /* SearchUITests */ = {
			isa = PBXNativeTarget;
			buildConfigurationList = D658EF5F1FA87AF300499A37 /* Build configuration list for PBXNativeTarget "SearchUITests" */;
			buildPhases = (
				D658EF4C1FA87AF300499A37 /* Sources */,
				D658EF4D1FA87AF300499A37 /* Frameworks */,
				D658EF4E1FA87AF300499A37 /* Resources */,
			);
			buildRules = (
			);
			dependencies = (
				D658EF521FA87AF300499A37 /* PBXTargetDependency */,
			);
			name = SearchUITests;
			productName = SearchUITests;
			productReference = D658EF501FA87AF300499A37 /* SearchUITests.xctest */;
			productType = "com.apple.product-type.bundle.ui-testing";
		};
/* End PBXNativeTarget section */

/* Begin PBXProject section */
		D658EF251FA87AF300499A37 /* Project object */ = {
			isa = PBXProject;
			attributes = {
				LastUpgradeCheck = 0900;
				ORGANIZATIONNAME = "WXL-TECH";
				TargetAttributes = {
					D658EF2C1FA87AF300499A37 = {
						CreatedOnToolsVersion = 9.0;
						ProvisioningStyle = Automatic;
					};
					D658EF441FA87AF300499A37 = {
						CreatedOnToolsVersion = 9.0;
						ProvisioningStyle = Automatic;
						TestTargetID = D658EF2C1FA87AF300499A37;
					};
					D658EF4F1FA87AF300499A37 = {
						CreatedOnToolsVersion = 9.0;
						ProvisioningStyle = Automatic;
						TestTargetID = D658EF2C1FA87AF300499A37;
					};
				};
			};
			buildConfigurationList = D658EF281FA87AF300499A37 /* Build configuration list for PBXProject "Search" */;
			compatibilityVersion = "Xcode 8.0";
			developmentRegion = en;
			hasScannedForEncodings = 0;
			knownRegions = (
				en,
				Base,
			);
			mainGroup = D658EF241FA87AF300499A37;
			productRefGroup = D658EF2E1FA87AF300499A37 /* Products */;
			projectDirPath = "";
			projectRoot = "";
			targets = (
				D658EF2C1FA87AF300499A37 /* Search */,
				D658EF441FA87AF300499A37 /* SearchTests */,
				D658EF4F1FA87AF300499A37 /* SearchUITests */,
			);
		};
/* End PBXProject section */

/* Begin PBXResourcesBuildPhase section */
		D658EF2B1FA87AF300499A37 /* Resources */ = {
			isa = PBXResourcesBuildPhase;
			buildActionMask = 2147483647;
			files = (
				D658EF3D1FA87AF300499A37 /* LaunchScreen.storyboard in Resources */,
				D658EF3A1FA87AF300499A37 /* Assets.xcassets in Resources */,
				D658EF381FA87AF300499A37 /* Main.storyboard in Resources */,
			);
			runOnlyForDeploymentPostprocessing = 0;
		};
		D658EF431FA87AF300499A37 /* Resources */ = {
			isa = PBXResourcesBuildPhase;
			buildActionMask = 2147483647;
			files = (
			);
			runOnlyForDeploymentPostprocessing = 0;
		};
		D658EF4E1FA87AF300499A37 /* Resources */ = {
			isa = PBXResourcesBuildPhase;
			buildActionMask = 2147483647;
			files = (
			);
			runOnlyForDeploymentPostprocessing = 0;
		};
/* End PBXResourcesBuildPhase section */

/* Begin PBXSourcesBuildPhase section */
		D658EF291FA87AF300499A37 /* Sources */ = {
			isa = PBXSourcesBuildPhase;
			buildActionMask = 2147483647;
			files = (
				D658EF351FA87AF300499A37 /* ViewController.m in Sources */,
				D658EF401FA87AF300499A37 /* main.m in Sources */,
				D658EF321FA87AF300499A37 /* AppDelegate.m in Sources */,
			);
			runOnlyForDeploymentPostprocessing = 0;
		};
		D658EF411FA87AF300499A37 /* Sources */ = {
			isa = PBXSourcesBuildPhase;
			buildActionMask = 2147483647;
			files = (
				D658EF4A1FA87AF300499A37 /* SearchTests.m in Sources */,
			);
			runOnlyForDeploymentPostprocessing = 0;
		};
		D658EF4C1FA87AF300499A37 /* Sources */ = {
			isa = PBXSourcesBuildPhase;
			buildActionMask = 2147483647;
			files = (
				D658EF551FA87AF300499A37 /* SearchUITests.m in Sources */,
			);
			runOnlyForDeploymentPostprocessing = 0;
		};
/* End PBXSourcesBuildPhase section */

/* Begin PBXTargetDependency section */
		D658EF471FA87AF300499A37 /* PBXTargetDependency */ = {
			isa = PBXTargetDependency;
			target = D658EF2C1FA87AF300499A37 /* Search */;
			targetProxy = D658EF461FA87AF300499A37 /* PBXContainerItemProxy */;
		};
		D658EF521FA87AF300499A37 /* PBXTargetDependency */ = {
			isa = PBXTargetDependency;
			target = D658EF2C1FA87AF300499A37 /* Search */;
			targetProxy = D658EF511FA87AF300499A37 /* PBXContainerItemProxy */;
		};
/* End PBXTargetDependency section */

/* Begin PBXVariantGroup section */
		D658EF361FA87AF300499A37 /* Main.storyboard */ = {
			isa = PBXVariantGroup;
			children = (
				D658EF371FA87AF300499A37 /* Base */,
			);
			name = Main.storyboard;
			sourceTree = "<group>";
		};
		D658EF3B1FA87AF300499A37 /* LaunchScreen.storyboard */ = {
			isa = PBXVariantGroup;
			children = (
				D658EF3C1FA87AF300499A37 /* Base */,
			);
			name = LaunchScreen.storyboard;
			sourceTree = "<group>";
		};
/* End PBXVariantGroup section */

/* Begin XCBuildConfiguration section */
		D658EF571FA87AF300499A37 /* Debug */ = {
			isa = XCBuildConfiguration;
			buildSettings = {
				ALWAYS_SEARCH_USER_PATHS = NO;
				CLANG_ANALYZER_NONNULL = YES;
				CLANG_ANALYZER_NUMBER_OBJECT_CONVERSION = YES_AGGRESSIVE;
				CLANG_CXX_LANGUAGE_STANDARD = "gnu++14";
				CLANG_CXX_LIBRARY = "libc++";
				CLANG_ENABLE_MODULES = YES;
				CLANG_ENABLE_OBJC_ARC = YES;
				CLANG_WARN_BLOCK_CAPTURE_AUTORELEASING = YES;
				CLANG_WARN_BOOL_CONVERSION = YES;
				CLANG_WARN_COMMA = YES;
				CLANG_WARN_CONSTANT_CONVERSION = YES;
				CLANG_WARN_DIRECT_OBJC_ISA_USAGE = YES_ERROR;
				CLANG_WARN_DOCUMENTATION_COMMENTS = YES;
				CLANG_WARN_EMPTY_BODY = YES;
				CLANG_WARN_ENUM_CONVERSION = YES;
				CLANG_WARN_INFINITE_RECURSION = YES;
				CLANG_WARN_INT_CONVERSION = YES;
				CLANG_WARN_NON_LITERAL_NULL_CONVERSION = YES;
				CLANG_WARN_OBJC_LITERAL_CONVERSION = YES;
				CLANG_WARN_OBJC_ROOT_CLASS = YES_ERROR;
				CLANG_WARN_RANGE_LOOP_ANALYSIS = YES;
				CLANG_WARN_STRICT_PROTOTYPES = YES;
				CLANG_WARN_SUSPICIOUS_MOVE = YES;
				CLANG_WARN_UNGUARDED_AVAILABILITY = YES_AGGRESSIVE;
				CLANG_WARN_UNREACHABLE_CODE = YES;
				CLANG_WARN__DUPLICATE_METHOD_MATCH = YES;
				CODE_SIGN_IDENTITY = "iPhone Developer";
				COPY_PHASE_STRIP = NO;
				DEBUG_INFORMATION_FORMAT = dwarf;
				ENABLE_STRICT_OBJC_MSGSEND = YES;
				ENABLE_TESTABILITY = YES;
				GCC_C_LANGUAGE_STANDARD = gnu11;
				GCC_DYNAMIC_NO_PIC = NO;
				GCC_NO_COMMON_BLOCKS = YES;
				GCC_OPTIMIZATION_LEVEL = 0;
				GCC_PREPROCESSOR_DEFINITIONS = (
					"DEBUG=1",
					"$(inherited)",
				);
				GCC_WARN_64_TO_32_BIT_CONVERSION = YES;
				GCC_WARN_ABOUT_RETURN_TYPE = YES_ERROR;
				GCC_WARN_UNDECLARED_SELECTOR = YES;
				GCC_WARN_UNINITIALIZED_AUTOS = YES_AGGRESSIVE;
				GCC_WARN_UNUSED_FUNCTION = YES;
				GCC_WARN_UNUSED_VARIABLE = YES;
				IPHONEOS_DEPLOYMENT_TARGET = 11.0;
				MTL_ENABLE_DEBUG_INFO = YES;
				ONLY_ACTIVE_ARCH = YES;
				SDKROOT = iphoneos;
			};
			name = Debug;
		};
		D658EF581FA87AF300499A37 /* Release */ = {
			isa = XCBuildConfiguration;
			buildSettings = {
				ALWAYS_SEARCH_USER_PATHS = NO;
				CLANG_ANALYZER_NONNULL = YES;
				CLANG_ANALYZER_NUMBER_OBJECT_CONVERSION = YES_AGGRESSIVE;
				CLANG_CXX_LANGUAGE_STANDARD = "gnu++14";
				CLANG_CXX_LIBRARY = "libc++";
				CLANG_ENABLE_MODULES = YES;
				CLANG_ENABLE_OBJC_ARC = YES;
				CLANG_WARN_BLOCK_CAPTURE_AUTORELEASING = YES;
				CLANG_WARN_BOOL_CONVERSION = YES;
				CLANG_WARN_COMMA = YES;
				CLANG_WARN_CONSTANT_CONVERSION = YES;
				CLANG_WARN_DIRECT_OBJC_ISA_USAGE = YES_ERROR;
				CLANG_WARN_DOCUMENTATION_COMMENTS = YES;
				CLANG_WARN_EMPTY_BODY = YES;
				CLANG_WARN_ENUM_CONVERSION = YES;
				CLANG_WARN_INFINITE_RECURSION = YES;
				CLANG_WARN_INT_CONVERSION = YES;
				CLANG_WARN_NON_LITERAL_NULL_CONVERSION = YES;
				CLANG_WARN_OBJC_LITERAL_CONVERSION = YES;
				CLANG_WARN_OBJC_ROOT_CLASS = YES_ERROR;
				CLANG_WARN_RANGE_LOOP_ANALYSIS = YES;
				CLANG_WARN_STRICT_PROTOTYPES = YES;
				CLANG_WARN_SUSPICIOUS_MOVE = YES;
				CLANG_WARN_UNGUARDED_AVAILABILITY = YES_AGGRESSIVE;
				CLANG_WARN_UNREACHABLE_CODE = YES;
				CLANG_WARN__DUPLICATE_METHOD_MATCH = YES;
				CODE_SIGN_IDENTITY = "iPhone Developer";
				COPY_PHASE_STRIP = NO;
				DEBUG_INFORMATION_FORMAT = "dwarf-with-dsym";
				ENABLE_NS_ASSERTIONS = NO;
				ENABLE_STRICT_OBJC_MSGSEND = YES;
				GCC_C_LANGUAGE_STANDARD = gnu11;
				GCC_NO_COMMON_BLOCKS = YES;
				GCC_WARN_64_TO_32_BIT_CONVERSION = YES;
				GCC_WARN_ABOUT_RETURN_TYPE = YES_ERROR;
				GCC_WARN_UNDECLARED_SELECTOR = YES;
				GCC_WARN_UNINITIALIZED_AUTOS = YES_AGGRESSIVE;
				GCC_WARN_UNUSED_FUNCTION = YES;
				GCC_WARN_UNUSED_VARIABLE = YES;
				IPHONEOS_DEPLOYMENT_TARGET = 11.0;
				MTL_ENABLE_DEBUG_INFO = NO;
				SDKROOT = iphoneos;
				VALIDATE_PRODUCT = YES;
			};
			name = Release;
		};
		D658EF5A1FA87AF300499A37 /* Debug */ = {
			isa = XCBuildConfiguration;
			buildSettings = {
				ASSETCATALOG_COMPILER_APPICON_NAME = AppIcon;
				CODE_SIGN_STYLE = Automatic;
				DEVELOPMENT_TEAM = 33F425FJKF;
				INFOPLIST_FILE = Search/Info.plist;
				LD_RUNPATH_SEARCH_PATHS = "$(inherited) @executable_path/Frameworks";
				PRODUCT_BUNDLE_IDENTIFIER = com.xxxx.Search;
				PRODUCT_NAME = "$(TARGET_NAME)";
				TARGETED_DEVICE_FAMILY = "1,2";
			};
			name = Debug;
		};
		D658EF5B1FA87AF300499A37 /* Release */ = {
			isa = XCBuildConfiguration;
			buildSettings = {
				ASSETCATALOG_COMPILER_APPICON_NAME = AppIcon;
				CODE_SIGN_STYLE = Automatic;
				DEVELOPMENT_TEAM = 33F425FJKF;
				INFOPLIST_FILE = Search/Info.plist;
				LD_RUNPATH_SEARCH_PATHS = "$(inherited) @executable_path/Frameworks";
				PRODUCT_BUNDLE_IDENTIFIER = com.xxxx.Search;
				PRODUCT_NAME = "$(TARGET_NAME)";
				TARGETED_DEVICE_FAMILY = "1,2";
			};
			name = Release;
		};
		D658EF5D1FA87AF300499A37 /* Debug */ = {
			isa = XCBuildConfiguration;
			buildSettings = {
				BUNDLE_LOADER = "$(TEST_HOST)";
				CODE_SIGN_STYLE = Automatic;
				DEVELOPMENT_TEAM = 33F425FJKF;
				INFOPLIST_FILE = SearchTests/Info.plist;
				LD_RUNPATH_SEARCH_PATHS = "$(inherited) @executable_path/Frameworks @loader_path/Frameworks";
				PRODUCT_BUNDLE_IDENTIFIER = com.xxxx.SearchTests;
				PRODUCT_NAME = "$(TARGET_NAME)";
				TARGETED_DEVICE_FAMILY = "1,2";
				TEST_HOST = "$(BUILT_PRODUCTS_DIR)/Search.app/Search";
			};
			name = Debug;
		};
		D658EF5E1FA87AF300499A37 /* Release */ = {
			isa = XCBuildConfiguration;
			buildSettings = {
				BUNDLE_LOADER = "$(TEST_HOST)";
				CODE_SIGN_STYLE = Automatic;
				DEVELOPMENT_TEAM = 33F425FJKF;
				INFOPLIST_FILE = SearchTests/Info.plist;
				LD_RUNPATH_SEARCH_PATHS = "$(inherited) @executable_path/Frameworks @loader_path/Frameworks";
				PRODUCT_BUNDLE_IDENTIFIER = com.xxxx.SearchTests;
				PRODUCT_NAME = "$(TARGET_NAME)";
				TARGETED_DEVICE_FAMILY = "1,2";
				TEST_HOST = "$(BUILT_PRODUCTS_DIR)/Search.app/Search";
			};
			name = Release;
		};
		D658EF601FA87AF300499A37 /* Debug */ = {
			isa = XCBuildConfiguration;
			buildSettings = {
				CODE_SIGN_STYLE = Automatic;
				DEVELOPMENT_TEAM = 33F425FJKF;
				INFOPLIST_FILE = SearchUITests/Info.plist;
				LD_RUNPATH_SEARCH_PATHS = "$(inherited) @executable_path/Frameworks @loader_path/Frameworks";
				PRODUCT_BUNDLE_IDENTIFIER = com.xxxx.SearchUITests;
				PRODUCT_NAME = "$(TARGET_NAME)";
				TARGETED_DEVICE_FAMILY = "1,2";
				TEST_TARGET_NAME = Search;
			};
			name = Debug;
		};
		D658EF611FA87AF300499A37 /* Release */ = {
			isa = XCBuildConfiguration;
			buildSettings = {
				CODE_SIGN_STYLE = Automatic;
				DEVELOPMENT_TEAM = 33F425FJKF;
				INFOPLIST_FILE = SearchUITests/Info.plist;
				LD_RUNPATH_SEARCH_PATHS = "$(inherited) @executable_path/Frameworks @loader_path/Frameworks";
				PRODUCT_BUNDLE_IDENTIFIER = com.xxxx.SearchUITests;
				PRODUCT_NAME = "$(TARGET_NAME)";
				TARGETED_DEVICE_FAMILY = "1,2";
				TEST_TARGET_NAME = Search;
			};
			name = Release;
		};
/* End XCBuildConfiguration section */

/* Begin XCConfigurationList section */
		D658EF281FA87AF300499A37 /* Build configuration list for PBXProject "Search" */ = {
			isa = XCConfigurationList;
			buildConfigurations = (
				D658EF571FA87AF300499A37 /* Debug */,
				D658EF581FA87AF300499A37 /* Release */,
			);
			defaultConfigurationIsVisible = 0;
			defaultConfigurationName = Release;
		};
		D658EF591FA87AF300499A37 /* Build configuration list for PBXNativeTarget "Search" */ = {
			isa = XCConfigurationList;
			buildConfigurations = (
				D658EF5A1FA87AF300499A37 /* Debug */,
				D658EF5B1FA87AF300499A37 /* Release */,
			);
			defaultConfigurationIsVisible = 0;
			defaultConfigurationName = Release;
		};
		D658EF5C1FA87AF300499A37 /* Build configuration list for PBXNativeTarget "SearchTests" */ = {
			isa = XCConfigurationList;
			buildConfigurations = (
				D658EF5D1FA87AF300499A37 /* Debug */,
				D658EF5E1FA87AF300499A37 /* Release */,
			);
			defaultConfigurationIsVisible = 0;
			defaultConfigurationName = Release;
		};
		D658EF5F1FA87AF300499A37 /* Build configuration list for PBXNativeTarget "SearchUITests" */ = {
			isa = XCConfigurationList;
			buildConfigurations = (
				D658EF601FA87AF300499A37 /* Debug */,
				D658EF611FA87AF300499A37 /* Release */,
			);
			defaultConfigurationIsVisible = 0;
			defaultConfigurationName = Release;
		};
/* End XCConfigurationList section */
	};
	rootObject = D658EF251FA87AF300499A37 /* Project object */;
}
